
Microsoft Visual Studio Solution File, Format Version 12.00
# Visual Studio Version 17
VisualStudioVersion = 17.11.35222.181
MinimumVisualStudioVersion = 10.0.40219.1
Project("{9A19103F-16F7-4668-BE54-9A1E7A4F7556}") = "Roblox_Sharp", "Roblox_Sharp.csproj", "{B5FC79D9-64BE-47B9-8327-6D1A8357F4D2}"
EndProject
Project("{9A19103F-16F7-4668-BE54-9A1E7A4F7556}") = "Roblox_SharpTests", "..\Roblox_SharpTests\Roblox_SharpTests.csproj", "{5B41A2FE-5002-4360-9D04-C9D981019EB9}"
EndProject
Global
	GlobalSection(SolutionConfigurationPlatforms) = preSolution
		Debug|Any CPU = Debug|Any CPU
		Release|Any CPU = Release|Any CPU
	EndGlobalSection
	GlobalSection(ProjectConfigurationPlatforms) = postSolution
		{B5FC79D9-64BE-47B9-8327-6D1A8357F4D2}.Debug|Any CPU.ActiveCfg = Debug|Any CPU
		{B5FC79D9-64BE-47B9-8327-6D1A8357F4D2}.Debug|Any CPU.Build.0 = Debug|Any CPU
		{B5FC79D9-64BE-47B9-8327-6D1A8357F4D2}.Release|Any CPU.ActiveCfg = Release|Any CPU
		{B5FC79D9-64BE-47B9-8327-6D1A8357F4D2}.Release|Any CPU.Build.0 = Release|Any CPU
		{5B41A2FE-5002-4360-9D04-C9D981019EB9}.Debug|Any CPU.ActiveCfg = Debug|Any CPU
		{5B41A2FE-5002-4360-9D04-C9D981019EB9}.Debug|Any CPU.Build.0 = Debug|Any CPU
		{5B41A2FE-5002-4360-9D04-C9D981019EB9}.Release|Any CPU.ActiveCfg = Release|Any CPU
		{5B41A2FE-5002-4360-9D04-C9D981019EB9}.Release|Any CPU.Build.0 = Release|Any CPU
	EndGlobalSection
	GlobalSection(SolutionProperties) = preSolution
		HideSolutionNode = FALSE
	EndGlobalSection
	GlobalSection(ExtensibilityGlobals) = postSolution
		SolutionGuid = {7809BBF9-8D61-4E2B-9625-068C292834F0}
	EndGlobalSection
EndGlobal
